
Microsoft Visual Studio Solution File, Format Version 12.00
# Visual Studio Version 17
VisualStudioVersion = 17.10.35013.160
MinimumVisualStudioVersion = 10.0.40219.1
Project("{FAE04EC0-301F-11D3-BF4B-00C04F79EFBC}") = "AdminThemePractice2", "AdminThemePractice2\AdminThemePractice2.csproj", "{3D7B0590-D4D2-40F1-AA5B-851F977A036F}"
EndProject
Global
	GlobalSection(SolutionConfigurationPlatforms) = preSolution
		Debug|Any CPU = Debug|Any CPU
		Release|Any CPU = Release|Any CPU
	EndGlobalSection
	GlobalSection(ProjectConfigurationPlatforms) = postSolution
		{3D7B0590-D4D2-40F1-AA5B-851F977A036F}.Debug|Any CPU.ActiveCfg = Debug|Any CPU
		{3D7B0590-D4D2-40F1-AA5B-851F977A036F}.Debug|Any CPU.Build.0 = Debug|Any CPU
		{3D7B0590-D4D2-40F1-AA5B-851F977A036F}.Release|Any CPU.ActiveCfg = Release|Any CPU
		{3D7B0590-D4D2-40F1-AA5B-851F977A036F}.Release|Any CPU.Build.0 = Release|Any CPU
	EndGlobalSection
	GlobalSection(SolutionProperties) = preSolution
		HideSolutionNode = FALSE
	EndGlobalSection
	GlobalSection(ExtensibilityGlobals) = postSolution
		SolutionGuid = {D6FC2396-ED77-46D2-8355-8D3DC030B4B8}
	EndGlobalSection
EndGlobal
